
Microsoft Visual Studio Solution File, Format Version 12.00
# Visual Studio Version 17
VisualStudioVersion = 17.0.31903.59
MinimumVisualStudioVersion = 10.0.40219.1
Project("{FAE04EC0-301F-11D3-BF4B-00C04F79EFBC}") = "gateway-server", "gateway-server\gateway-server.csproj", "{F36B60AE-AB47-4BBC-AA9A-A700A01BAD5B}"
EndProject
Project("{FAE04EC0-301F-11D3-BF4B-00C04F79EFBC}") = "game-client", "game-client\game-client.csproj", "{A350FD1A-3EEB-45AA-BAB8-E8097C2B9494}"
EndProject
Project("{FAE04EC0-301F-11D3-BF4B-00C04F79EFBC}") = "GameRules", "GameRules\GameRules.csproj", "{A300F83E-297D-428C-AC1D-69FD63F29F8F}"
EndProject
Project("{FAE04EC0-301F-11D3-BF4B-00C04F79EFBC}") = "GameRules.Tests", "GameRules.Tests\GameRules.Tests.csproj", "{150B7320-DEE7-4155-A4E2-24636F5F1DB7}"
EndProject
Global
	GlobalSection(SolutionConfigurationPlatforms) = preSolution
		Debug|Any CPU = Debug|Any CPU
		Release|Any CPU = Release|Any CPU
	EndGlobalSection
	GlobalSection(SolutionProperties) = preSolution
		HideSolutionNode = FALSE
	EndGlobalSection
	GlobalSection(ProjectConfigurationPlatforms) = postSolution
		{F36B60AE-AB47-4BBC-AA9A-A700A01BAD5B}.Debug|Any CPU.ActiveCfg = Debug|Any CPU
		{F36B60AE-AB47-4BBC-AA9A-A700A01BAD5B}.Debug|Any CPU.Build.0 = Debug|Any CPU
		{F36B60AE-AB47-4BBC-AA9A-A700A01BAD5B}.Release|Any CPU.ActiveCfg = Release|Any CPU
		{F36B60AE-AB47-4BBC-AA9A-A700A01BAD5B}.Release|Any CPU.Build.0 = Release|Any CPU
		{A350FD1A-3EEB-45AA-BAB8-E8097C2B9494}.Debug|Any CPU.ActiveCfg = Debug|Any CPU
		{A350FD1A-3EEB-45AA-BAB8-E8097C2B9494}.Debug|Any CPU.Build.0 = Debug|Any CPU
		{A350FD1A-3EEB-45AA-BAB8-E8097C2B9494}.Release|Any CPU.ActiveCfg = Release|Any CPU
		{A350FD1A-3EEB-45AA-BAB8-E8097C2B9494}.Release|Any CPU.Build.0 = Release|Any CPU
		{A300F83E-297D-428C-AC1D-69FD63F29F8F}.Debug|Any CPU.ActiveCfg = Debug|Any CPU
		{A300F83E-297D-428C-AC1D-69FD63F29F8F}.Debug|Any CPU.Build.0 = Debug|Any CPU
		{A300F83E-297D-428C-AC1D-69FD63F29F8F}.Release|Any CPU.ActiveCfg = Release|Any CPU
		{A300F83E-297D-428C-AC1D-69FD63F29F8F}.Release|Any CPU.Build.0 = Release|Any CPU
		{150B7320-DEE7-4155-A4E2-24636F5F1DB7}.Debug|Any CPU.ActiveCfg = Debug|Any CPU
		{150B7320-DEE7-4155-A4E2-24636F5F1DB7}.Debug|Any CPU.Build.0 = Debug|Any CPU
		{150B7320-DEE7-4155-A4E2-24636F5F1DB7}.Release|Any CPU.ActiveCfg = Release|Any CPU
		{150B7320-DEE7-4155-A4E2-24636F5F1DB7}.Release|Any CPU.Build.0 = Release|Any CPU
	EndGlobalSection
EndGlobal
